
Microsoft Visual Studio Solution File, Format Version 12.00
# Visual Studio Version 16
VisualStudioVersion = 16.0.30204.135
MinimumVisualStudioVersion = 10.0.40219.1
Project("{FAE04EC0-301F-11D3-BF4B-00C04F79EFBC}") = "MaskIp", "MaskIp\MaskIp.csproj", "{89A05E25-E0D8-4804-8227-04FF1A1A79B5}"
EndProject
Global
	GlobalSection(SolutionConfigurationPlatforms) = preSolution
		Debug|Any CPU = Debug|Any CPU
		Release|Any CPU = Release|Any CPU
	EndGlobalSection
	GlobalSection(ProjectConfigurationPlatforms) = postSolution
		{89A05E25-E0D8-4804-8227-04FF1A1A79B5}.Debug|Any CPU.ActiveCfg = Debug|Any CPU
		{89A05E25-E0D8-4804-8227-04FF1A1A79B5}.Debug|Any CPU.Build.0 = Debug|Any CPU
		{89A05E25-E0D8-4804-8227-04FF1A1A79B5}.Release|Any CPU.ActiveCfg = Release|Any CPU
		{89A05E25-E0D8-4804-8227-04FF1A1A79B5}.Release|Any CPU.Build.0 = Release|Any CPU
	EndGlobalSection
	GlobalSection(SolutionProperties) = preSolution
		HideSolutionNode = FALSE
	EndGlobalSection
	GlobalSection(ExtensibilityGlobals) = postSolution
		SolutionGuid = {AC177D04-76CF-4696-9805-22F84415D414}
	EndGlobalSection
EndGlobal
